
Microsoft Visual Studio Solution File, Format Version 12.00
# Visual Studio Version 16
VisualStudioVersion = 16.0.33529.622
MinimumVisualStudioVersion = 10.0.40219.1
Project("{8BC9CEB8-8B4A-11D0-8D11-00A0C91BC942}") = "dll-injector", "dll-injector\dll-injector.vcxproj", "{FB7006CB-F834-4883-B35B-887D4D10E34D}"
EndProject
Global
	GlobalSection(SolutionConfigurationPlatforms) = preSolution
		Debug|x64 = Debug|x64
		Debug|x86 = Debug|x86
		Release|x64 = Release|x64
		Release|x86 = Release|x86
	EndGlobalSection
	GlobalSection(ProjectConfigurationPlatforms) = postSolution
		{FB7006CB-F834-4883-B35B-887D4D10E34D}.Debug|x64.ActiveCfg = Debug|x64
		{FB7006CB-F834-4883-B35B-887D4D10E34D}.Debug|x64.Build.0 = Debug|x64
		{FB7006CB-F834-4883-B35B-887D4D10E34D}.Debug|x86.ActiveCfg = Debug|Win32
		{FB7006CB-F834-4883-B35B-887D4D10E34D}.Debug|x86.Build.0 = Debug|Win32
		{FB7006CB-F834-4883-B35B-887D4D10E34D}.Release|x64.ActiveCfg = Release|x64
		{FB7006CB-F834-4883-B35B-887D4D10E34D}.Release|x64.Build.0 = Release|x64
		{FB7006CB-F834-4883-B35B-887D4D10E34D}.Release|x86.ActiveCfg = Release|Win32
		{FB7006CB-F834-4883-B35B-887D4D10E34D}.Release|x86.Build.0 = Release|Win32
	EndGlobalSection
	GlobalSection(SolutionProperties) = preSolution
		HideSolutionNode = FALSE
	EndGlobalSection
	GlobalSection(ExtensibilityGlobals) = postSolution
		SolutionGuid = {65369DAB-EC88-41D6-8304-5F4908B41E24}
	EndGlobalSection
EndGlobal
